
Microsoft Visual Studio Solution File, Format Version 12.00
# Visual Studio Version 16
VisualStudioVersion = 16.0.30907.101
MinimumVisualStudioVersion = 10.0.40219.1
Project("{FAE04EC0-301F-11D3-BF4B-00C04F79EFBC}") = "ClassMethodDemo", "ClassMethodDemo\ClassMethodDemo.csproj", "{D4C17F72-C03E-4F8B-A135-76A3C6B042EF}"
EndProject
Global
	GlobalSection(SolutionConfigurationPlatforms) = preSolution
		Debug|Any CPU = Debug|Any CPU
		Release|Any CPU = Release|Any CPU
	EndGlobalSection
	GlobalSection(ProjectConfigurationPlatforms) = postSolution
		{D4C17F72-C03E-4F8B-A135-76A3C6B042EF}.Debug|Any CPU.ActiveCfg = Debug|Any CPU
		{D4C17F72-C03E-4F8B-A135-76A3C6B042EF}.Debug|Any CPU.Build.0 = Debug|Any CPU
		{D4C17F72-C03E-4F8B-A135-76A3C6B042EF}.Release|Any CPU.ActiveCfg = Release|Any CPU
		{D4C17F72-C03E-4F8B-A135-76A3C6B042EF}.Release|Any CPU.Build.0 = Release|Any CPU
	EndGlobalSection
	GlobalSection(SolutionProperties) = preSolution
		HideSolutionNode = FALSE
	EndGlobalSection
	GlobalSection(ExtensibilityGlobals) = postSolution
		SolutionGuid = {92893C62-0F0F-4B3C-8082-6F3F5E46DE60}
	EndGlobalSection
EndGlobal
